
Microsoft Visual Studio Solution File, Format Version 12.00
# Visual Studio Version 16
VisualStudioVersion = 16.0.32802.440
MinimumVisualStudioVersion = 10.0.40219.1
Project("{FAE04EC0-301F-11D3-BF4B-00C04F79EFBC}") = "LR_parser", "LR_parser\LR_parser.csproj", "{2977A402-59DE-41BC-9704-89902882DE21}"
EndProject
Global
	GlobalSection(SolutionConfigurationPlatforms) = preSolution
		Debug|Any CPU = Debug|Any CPU
		Release|Any CPU = Release|Any CPU
	EndGlobalSection
	GlobalSection(ProjectConfigurationPlatforms) = postSolution
		{2977A402-59DE-41BC-9704-89902882DE21}.Debug|Any CPU.ActiveCfg = Debug|Any CPU
		{2977A402-59DE-41BC-9704-89902882DE21}.Debug|Any CPU.Build.0 = Debug|Any CPU
		{2977A402-59DE-41BC-9704-89902882DE21}.Release|Any CPU.ActiveCfg = Release|Any CPU
		{2977A402-59DE-41BC-9704-89902882DE21}.Release|Any CPU.Build.0 = Release|Any CPU
	EndGlobalSection
	GlobalSection(SolutionProperties) = preSolution
		HideSolutionNode = FALSE
	EndGlobalSection
	GlobalSection(ExtensibilityGlobals) = postSolution
		SolutionGuid = {A1C4AB99-5D37-40CF-8551-0E9E529255A6}
	EndGlobalSection
EndGlobal
